// !$*UTF8*$!
{
	archiveVersion = 1;
	classes = {
	};
	objectVersion = 50;
	objects = {

/* Begin PBXBuildFile section */
		CC709A80219E3B560051DCAB /* AppDelegate.swift in Sources */ = {isa = PBXBuildFile; fileRef = CC709A7F219E3B560051DCAB /* AppDelegate.swift */; };
		CC709A82219E3B560051DCAB /* ViewController.swift in Sources */ = {isa = PBXBuildFile; fileRef = CC709A81219E3B560051DCAB /* ViewController.swift */; };
		CC709A84219E3B580051DCAB /* Assets.xcassets in Resources */ = {isa = PBXBuildFile; fileRef = CC709A83219E3B580051DCAB /* Assets.xcassets */; };
		CC709A87219E3B580051DCAB /* Main.storyboard in Resources */ = {isa = PBXBuildFile; fileRef = CC709A85219E3B580051DCAB /* Main.storyboard */; };
		CCDF76E621A3D79D0084C06D /* HotKey.framework.dSYM in Resources */ = {isa = PBXBuildFile; fileRef = CCDF76E421A3D79D0084C06D /* HotKey.framework.dSYM */; };
		CCDF76E721A3D79D0084C06D /* HotKey.framework in Frameworks */ = {isa = PBXBuildFile; fileRef = CCDF76E521A3D79D0084C06D /* HotKey.framework */; };
		CCDF76E921A3D9430084C06D /* HotKey.framework in Frameworks */ = {isa = PBXBuildFile; fileRef = CCDF76E521A3D79D0084C06D /* HotKey.framework */; };
		CCDF76EA21A3D9430084C06D /* HotKey.framework in Embed Frameworks */ = {isa = PBXBuildFile; fileRef = CCDF76E521A3D79D0084C06D /* HotKey.framework */; settings = {ATTRIBUTES = (CodeSignOnCopy, RemoveHeadersOnCopy, ); }; };
		CCDF76ED21A3D9A40084C06D /* HotKey.framework.dSYM in CopyFiles */ = {isa = PBXBuildFile; fileRef = CCDF76E421A3D79D0084C06D /* HotKey.framework.dSYM */; };
		CCDF76EF21A3EAE50084C06D /* StatusMenuController.swift in Sources */ = {isa = PBXBuildFile; fileRef = CCDF76EE21A3EAE50084C06D /* StatusMenuController.swift */; };
/* End PBXBuildFile section */

/* Begin PBXCopyFilesBuildPhase section */
		CCDF76EB21A3D9430084C06D /* Embed Frameworks */ = {
			isa = PBXCopyFilesBuildPhase;
			buildActionMask = 2147483647;
			dstPath = "";
			dstSubfolderSpec = 10;
			files = (
				CCDF76EA21A3D9430084C06D /* HotKey.framework in Embed Frameworks */,
			);
			name = "Embed Frameworks";
			runOnlyForDeploymentPostprocessing = 0;
		};
		CCDF76EC21A3D9940084C06D /* CopyFiles */ = {
			isa = PBXCopyFilesBuildPhase;
			buildActionMask = 2147483647;
			dstPath = "";
			dstSubfolderSpec = 16;
			files = (
				CCDF76ED21A3D9A40084C06D /* HotKey.framework.dSYM in CopyFiles */,
			);
			runOnlyForDeploymentPostprocessing = 0;
		};
/* End PBXCopyFilesBuildPhase section */

/* Begin PBXFileReference section */
		CC709A7C219E3B560051DCAB /* Open Notion.app */ = {isa = PBXFileReference; explicitFileType = wrapper.application; includeInIndex = 0; path = "Open Notion.app"; sourceTree = BUILT_PRODUCTS_DIR; };
		CC709A7F219E3B560051DCAB /* AppDelegate.swift */ = {isa = PBXFileReference; lastKnownFileType = sourcecode.swift; path = AppDelegate.swift; sourceTree = "<group>"; };
		CC709A81219E3B560051DCAB /* ViewController.swift */ = {isa = PBXFileReference; lastKnownFileType = sourcecode.swift; path = ViewController.swift; sourceTree = "<group>"; };
		CC709A83219E3B580051DCAB /* Assets.xcassets */ = {isa = PBXFileReference; lastKnownFileType = folder.assetcatalog; path = Assets.xcassets; sourceTree = "<group>"; };
		CC709A86219E3B580051DCAB /* Base */ = {isa = PBXFileReference; lastKnownFileType = file.storyboard; name = Base; path = Base.lproj/Main.storyboard; sourceTree = "<group>"; };
		CC709A88219E3B580051DCAB /* Info.plist */ = {isa = PBXFileReference; lastKnownFileType = text.plist.xml; path = Info.plist; sourceTree = "<group>"; };
		CC709A89219E3B580051DCAB /* Open_Notion.entitlements */ = {isa = PBXFileReference; lastKnownFileType = text.plist.entitlements; path = Open_Notion.entitlements; sourceTree = "<group>"; };
		CCDF76E421A3D79D0084C06D /* HotKey.framework.dSYM */ = {isa = PBXFileReference; lastKnownFileType = wrapper.dsym; name = HotKey.framework.dSYM; path = Carthage/Build/Mac/HotKey.framework.dSYM; sourceTree = "<group>"; };
		CCDF76E521A3D79D0084C06D /* HotKey.framework */ = {isa = PBXFileReference; lastKnownFileType = wrapper.framework; name = HotKey.framework; path = Carthage/Build/Mac/HotKey.framework; sourceTree = "<group>"; };
		CCDF76EE21A3EAE50084C06D /* StatusMenuController.swift */ = {isa = PBXFileReference; lastKnownFileType = sourcecode.swift; path = StatusMenuController.swift; sourceTree = "<group>"; };
/* End PBXFileReference section */

/* Begin PBXFrameworksBuildPhase section */
		CC709A79219E3B560051DCAB /* Frameworks */ = {
			isa = PBXFrameworksBuildPhase;
			buildActionMask = 2147483647;
			files = (
				CCDF76E921A3D9430084C06D /* HotKey.framework in Frameworks */,
				CCDF76E721A3D79D0084C06D /* HotKey.framework in Frameworks */,
			);
			runOnlyForDeploymentPostprocessing = 0;
		};
/* End PBXFrameworksBuildPhase section */

/* Begin PBXGroup section */
		CC709A73219E3B560051DCAB = {
			isa = PBXGroup;
			children = (
				CC709A7E219E3B560051DCAB /* Open Notion */,
				CC709A7D219E3B560051DCAB /* Products */,
				CCDF76E521A3D79D0084C06D /* HotKey.framework */,
				CCDF76E421A3D79D0084C06D /* HotKey.framework.dSYM */,
			);
			sourceTree = "<group>";
		};
		CC709A7D219E3B560051DCAB /* Products */ = {
			isa = PBXGroup;
			children = (
				CC709A7C219E3B560051DCAB /* Open Notion.app */,
			);
			name = Products;
			sourceTree = "<group>";
		};
		CC709A7E219E3B560051DCAB /* Open Notion */ = {
			isa = PBXGroup;
			children = (
				CC709A7F219E3B560051DCAB /* AppDelegate.swift */,
				CCDF76EE21A3EAE50084C06D /* StatusMenuController.swift */,
				CC709A81219E3B560051DCAB /* ViewController.swift */,
				CC709A83219E3B580051DCAB /* Assets.xcassets */,
				CC709A85219E3B580051DCAB /* Main.storyboard */,
				CC709A88219E3B580051DCAB /* Info.plist */,
				CC709A89219E3B580051DCAB /* Open_Notion.entitlements */,
			);
			path = "Open Notion";
			sourceTree = "<group>";
		};
/* End PBXGroup section */

/* Begin PBXNativeTarget section */
		CC709A7B219E3B560051DCAB /* Open Notion */ = {
			isa = PBXNativeTarget;
			buildConfigurationList = CC709A8C219E3B580051DCAB /* Build configuration list for PBXNativeTarget "Open Notion" */;
			buildPhases = (
				CC709A78219E3B560051DCAB /* Sources */,
				CC709A79219E3B560051DCAB /* Frameworks */,
				CC709A7A219E3B560051DCAB /* Resources */,
				CCDF76E821A3D7C10084C06D /* ShellScript */,
				CCDF76EB21A3D9430084C06D /* Embed Frameworks */,
				CCDF76EC21A3D9940084C06D /* CopyFiles */,
			);
			buildRules = (
			);
			dependencies = (
			);
			name = "Open Notion";
			productName = "Open Figma";
			productReference = CC709A7C219E3B560051DCAB /* Open Notion.app */;
			productType = "com.apple.product-type.application";
		};
/* End PBXNativeTarget section */

/* Begin PBXProject section */
		CC709A74219E3B560051DCAB /* Project object */ = {
			isa = PBXProject;
			attributes = {
				LastSwiftUpdateCheck = 1010;
				LastUpgradeCheck = 1010;
				ORGANIZATIONNAME = "Josh Dunsterville";
				TargetAttributes = {
					CC709A7B219E3B560051DCAB = {
						CreatedOnToolsVersion = 10.1;
						SystemCapabilities = {
							com.apple.HardenedRuntime = {
								enabled = 1;
							};
						};
					};
				};
			};
			buildConfigurationList = CC709A77219E3B560051DCAB /* Build configuration list for PBXProject "Open Notion" */;
			compatibilityVersion = "Xcode 9.3";
			developmentRegion = en;
			hasScannedForEncodings = 0;
			knownRegions = (
				en,
				Base,
			);
			mainGroup = CC709A73219E3B560051DCAB;
			productRefGroup = CC709A7D219E3B560051DCAB /* Products */;
			projectDirPath = "";
			projectRoot = "";
			targets = (
				CC709A7B219E3B560051DCAB /* Open Notion */,
			);
		};
/* End PBXProject section */

/* Begin PBXResourcesBuildPhase section */
		CC709A7A219E3B560051DCAB /* Resources */ = {
			isa = PBXResourcesBuildPhase;
			buildActionMask = 2147483647;
			files = (
				CC709A84219E3B580051DCAB /* Assets.xcassets in Resources */,
				CCDF76E621A3D79D0084C06D /* HotKey.framework.dSYM in Resources */,
				CC709A87219E3B580051DCAB /* Main.storyboard in Resources */,
			);
			runOnlyForDeploymentPostprocessing = 0;
		};
/* End PBXResourcesBuildPhase section */

/* Begin PBXShellScriptBuildPhase section */
		CCDF76E821A3D7C10084C06D /* ShellScript */ = {
			isa = PBXShellScriptBuildPhase;
			buildActionMask = 2147483647;
			files = (
			);
			inputFileListPaths = (
			);
			inputPaths = (
			);
			outputFileListPaths = (
			);
			outputPaths = (
			);
			runOnlyForDeploymentPostprocessing = 0;
			shellPath = /bin/sh;
			shellScript = "# Type a script or drag a script file from your workspace to insert its path.\n\n";
		};
/* End PBXShellScriptBuildPhase section */

/* Begin PBXSourcesBuildPhase section */
		CC709A78219E3B560051DCAB /* Sources */ = {
			isa = PBXSourcesBuildPhase;
			buildActionMask = 2147483647;
			files = (
				CCDF76EF21A3EAE50084C06D /* StatusMenuController.swift in Sources */,
				CC709A82219E3B560051DCAB /* ViewController.swift in Sources */,
				CC709A80219E3B560051DCAB /* AppDelegate.swift in Sources */,
			);
			runOnlyForDeploymentPostprocessing = 0;
		};
/* End PBXSourcesBuildPhase section */

/* Begin PBXVariantGroup section */
		CC709A85219E3B580051DCAB /* Main.storyboard */ = {
			isa = PBXVariantGroup;
			children = (
				CC709A86219E3B580051DCAB /* Base */,
			);
			name = Main.storyboard;
			sourceTree = "<group>";
		};
/* End PBXVariantGroup section */

/* Begin XCBuildConfiguration section */
		CC709A8A219E3B580051DCAB /* Debug */ = {
			isa = XCBuildConfiguration;
			buildSettings = {
				ALWAYS_SEARCH_USER_PATHS = NO;
				CLANG_ANALYZER_NONNULL = YES;
				CLANG_ANALYZER_NUMBER_OBJECT_CONVERSION = YES_AGGRESSIVE;
				CLANG_CXX_LANGUAGE_STANDARD = "gnu++14";
				CLANG_CXX_LIBRARY = "libc++";
				CLANG_ENABLE_MODULES = YES;
				CLANG_ENABLE_OBJC_ARC = YES;
				CLANG_ENABLE_OBJC_WEAK = YES;
				CLANG_WARN_BLOCK_CAPTURE_AUTORELEASING = YES;
				CLANG_WARN_BOOL_CONVERSION = YES;
				CLANG_WARN_COMMA = YES;
				CLANG_WARN_CONSTANT_CONVERSION = YES;
				CLANG_WARN_DEPRECATED_OBJC_IMPLEMENTATIONS = YES;
				CLANG_WARN_DIRECT_OBJC_ISA_USAGE = YES_ERROR;
				CLANG_WARN_DOCUMENTATION_COMMENTS = YES;
				CLANG_WARN_EMPTY_BODY = YES;
				CLANG_WARN_ENUM_CONVERSION = YES;
				CLANG_WARN_INFINITE_RECURSION = YES;
				CLANG_WARN_INT_CONVERSION = YES;
				CLANG_WARN_NON_LITERAL_NULL_CONVERSION = YES;
				CLANG_WARN_OBJC_IMPLICIT_RETAIN_SELF = YES;
				CLANG_WARN_OBJC_LITERAL_CONVERSION = YES;
				CLANG_WARN_OBJC_ROOT_CLASS = YES_ERROR;
				CLANG_WARN_RANGE_LOOP_ANALYSIS = YES;
				CLANG_WARN_STRICT_PROTOTYPES = YES;
				CLANG_WARN_SUSPICIOUS_MOVE = YES;
				CLANG_WARN_UNGUARDED_AVAILABILITY = YES_AGGRESSIVE;
				CLANG_WARN_UNREACHABLE_CODE = YES;
				CLANG_WARN__DUPLICATE_METHOD_MATCH = YES;
				CODE_SIGN_IDENTITY = "Mac Developer";
				COPY_PHASE_STRIP = NO;
				DEBUG_INFORMATION_FORMAT = dwarf;
				ENABLE_STRICT_OBJC_MSGSEND = YES;
				ENABLE_TESTABILITY = YES;
				GCC_C_LANGUAGE_STANDARD = gnu11;
				GCC_DYNAMIC_NO_PIC = NO;
				GCC_NO_COMMON_BLOCKS = YES;
				GCC_OPTIMIZATION_LEVEL = 0;
				GCC_PREPROCESSOR_DEFINITIONS = (
					"DEBUG=1",
					"$(inherited)",
				);
				GCC_WARN_64_TO_32_BIT_CONVERSION = YES;
				GCC_WARN_ABOUT_RETURN_TYPE = YES_ERROR;
				GCC_WARN_UNDECLARED_SELECTOR = YES;
				GCC_WARN_UNINITIALIZED_AUTOS = YES_AGGRESSIVE;
				GCC_WARN_UNUSED_FUNCTION = YES;
				GCC_WARN_UNUSED_VARIABLE = YES;
				MACOSX_DEPLOYMENT_TARGET = 10.14;
				MTL_ENABLE_DEBUG_INFO = INCLUDE_SOURCE;
				MTL_FAST_MATH = YES;
				ONLY_ACTIVE_ARCH = YES;
				SDKROOT = macosx;
				SWIFT_ACTIVE_COMPILATION_CONDITIONS = DEBUG;
				SWIFT_OPTIMIZATION_LEVEL = "-Onone";
			};
			name = Debug;
		};
		CC709A8B219E3B580051DCAB /* Release */ = {
			isa = XCBuildConfiguration;
			buildSettings = {
				ALWAYS_SEARCH_USER_PATHS = NO;
				CLANG_ANALYZER_NONNULL = YES;
				CLANG_ANALYZER_NUMBER_OBJECT_CONVERSION = YES_AGGRESSIVE;
				CLANG_CXX_LANGUAGE_STANDARD = "gnu++14";
				CLANG_CXX_LIBRARY = "libc++";
				CLANG_ENABLE_MODULES = YES;
				CLANG_ENABLE_OBJC_ARC = YES;
				CLANG_ENABLE_OBJC_WEAK = YES;
				CLANG_WARN_BLOCK_CAPTURE_AUTORELEASING = YES;
				CLANG_WARN_BOOL_CONVERSION = YES;
				CLANG_WARN_COMMA = YES;
				CLANG_WARN_CONSTANT_CONVERSION = YES;
				CLANG_WARN_DEPRECATED_OBJC_IMPLEMENTATIONS = YES;
				CLANG_WARN_DIRECT_OBJC_ISA_USAGE = YES_ERROR;
				CLANG_WARN_DOCUMENTATION_COMMENTS = YES;
				CLANG_WARN_EMPTY_BODY = YES;
				CLANG_WARN_ENUM_CONVERSION = YES;
				CLANG_WARN_INFINITE_RECURSION = YES;
				CLANG_WARN_INT_CONVERSION = YES;
				CLANG_WARN_NON_LITERAL_NULL_CONVERSION = YES;
				CLANG_WARN_OBJC_IMPLICIT_RETAIN_SELF = YES;
				CLANG_WARN_OBJC_LITERAL_CONVERSION = YES;
				CLANG_WARN_OBJC_ROOT_CLASS = YES_ERROR;
				CLANG_WARN_RANGE_LOOP_ANALYSIS = YES;
				CLANG_WARN_STRICT_PROTOTYPES = YES;
				CLANG_WARN_SUSPICIOUS_MOVE = YES;
				CLANG_WARN_UNGUARDED_AVAILABILITY = YES_AGGRESSIVE;
				CLANG_WARN_UNREACHABLE_CODE = YES;
				CLANG_WARN__DUPLICATE_METHOD_MATCH = YES;
				CODE_SIGN_IDENTITY = "Mac Developer";
				COPY_PHASE_STRIP = NO;
				DEBUG_INFORMATION_FORMAT = "dwarf-with-dsym";
				ENABLE_NS_ASSERTIONS = NO;
				ENABLE_STRICT_OBJC_MSGSEND = YES;
				GCC_C_LANGUAGE_STANDARD = gnu11;
				GCC_NO_COMMON_BLOCKS = YES;
				GCC_WARN_64_TO_32_BIT_CONVERSION = YES;
				GCC_WARN_ABOUT_RETURN_TYPE = YES_ERROR;
				GCC_WARN_UNDECLARED_SELECTOR = YES;
				GCC_WARN_UNINITIALIZED_AUTOS = YES_AGGRESSIVE;
				GCC_WARN_UNUSED_FUNCTION = YES;
				GCC_WARN_UNUSED_VARIABLE = YES;
				MACOSX_DEPLOYMENT_TARGET = 10.14;
				MTL_ENABLE_DEBUG_INFO = NO;
				MTL_FAST_MATH = YES;
				SDKROOT = macosx;
				SWIFT_COMPILATION_MODE = wholemodule;
				SWIFT_OPTIMIZATION_LEVEL = "-O";
			};
			name = Release;
		};
		CC709A8D219E3B580051DCAB /* Debug */ = {
			isa = XCBuildConfiguration;
			buildSettings = {
				ASSETCATALOG_COMPILER_APPICON_NAME = AppIcon;
				CODE_SIGN_ENTITLEMENTS = "Open Notion/Open_Notion.entitlements";
				CODE_SIGN_IDENTITY = "Mac Developer";
				CODE_SIGN_STYLE = Automatic;
				COMBINE_HIDPI_IMAGES = YES;
				DEVELOPMENT_TEAM = 7ZJ5MR5T68;
				ENABLE_HARDENED_RUNTIME = YES;
				FRAMEWORK_SEARCH_PATHS = (
					"$(inherited)",
					"$(PROJECT_DIR)/Carthage/Build/Mac",
				);
				INFOPLIST_FILE = "$(SRCROOT)/Open Notion/Info.plist";
				LD_RUNPATH_SEARCH_PATHS = (
					"$(inherited)",
					"@executable_path/../Frameworks",
				);
				PRODUCT_BUNDLE_IDENTIFIER = "com.neversitdull.Open-Notion";
				PRODUCT_NAME = "$(TARGET_NAME)";
				PROVISIONING_PROFILE_SPECIFIER = "";
				SWIFT_VERSION = 4.2;
			};
			name = Debug;
		};
		CC709A8E219E3B580051DCAB /* Release */ = {
			isa = XCBuildConfiguration;
			buildSettings = {
				ASSETCATALOG_COMPILER_APPICON_NAME = AppIcon;
				CODE_SIGN_ENTITLEMENTS = "Open Notion/Open_Notion.entitlements";
				CODE_SIGN_IDENTITY = "Mac Developer";
				CODE_SIGN_STYLE = Automatic;
				COMBINE_HIDPI_IMAGES = YES;
				DEVELOPMENT_TEAM = 7ZJ5MR5T68;
				ENABLE_HARDENED_RUNTIME = YES;
				FRAMEWORK_SEARCH_PATHS = (
					"$(inherited)",
					"$(PROJECT_DIR)/Carthage/Build/Mac",
				);
				INFOPLIST_FILE = "$(SRCROOT)/Open Notion/Info.plist";
				LD_RUNPATH_SEARCH_PATHS = (
					"$(inherited)",
					"@executable_path/../Frameworks",
				);
				PRODUCT_BUNDLE_IDENTIFIER = "com.neversitdull.Open-Notion";
				PRODUCT_NAME = "$(TARGET_NAME)";
				PROVISIONING_PROFILE_SPECIFIER = "";
				SWIFT_VERSION = 4.2;
			};
			name = Release;
		};
/* End XCBuildConfiguration section */

/* Begin XCConfigurationList section */
		CC709A77219E3B560051DCAB /* Build configuration list for PBXProject "Open Notion" */ = {
			isa = XCConfigurationList;
			buildConfigurations = (
				CC709A8A219E3B580051DCAB /* Debug */,
				CC709A8B219E3B580051DCAB /* Release */,
			);
			defaultConfigurationIsVisible = 0;
			defaultConfigurationName = Release;
		};
		CC709A8C219E3B580051DCAB /* Build configuration list for PBXNativeTarget "Open Notion" */ = {
			isa = XCConfigurationList;
			buildConfigurations = (
				CC709A8D219E3B580051DCAB /* Debug */,
				CC709A8E219E3B580051DCAB /* Release */,
			);
			defaultConfigurationIsVisible = 0;
			defaultConfigurationName = Release;
		};
/* End XCConfigurationList section */
	};
	rootObject = CC709A74219E3B560051DCAB /* Project object */;
}
